
Microsoft Visual Studio Solution File, Format Version 12.00
# Visual Studio Version 16
VisualStudioVersion = 16.0.30907.101
MinimumVisualStudioVersion = 10.0.40219.1
Project("{FAE04EC0-301F-11D3-BF4B-00C04F79EFBC}") = "Black Ops CW Randomizer", "Black Ops CW Randomizer.csproj", "{58782186-E75C-40A0-992D-C8A6C6EBEB91}"
EndProject
Project("{FAE04EC0-301F-11D3-BF4B-00C04F79EFBC}") = "ZombiesLib", "..\ZombiesLib\ZombiesLib.csproj", "{2E421BED-EC7E-4D04-A5A7-4D1D4477EBBF}"
EndProject
Project("{FAE04EC0-301F-11D3-BF4B-00C04F79EFBC}") = "MultiplayerLib", "..\MultiplayerLib\MultiplayerLib.csproj", "{62DD4FD5-F60C-4946-AC23-F07EB09E80A3}"
EndProject
Project("{FAE04EC0-301F-11D3-BF4B-00C04F79EFBC}") = "Information", "..\Weapons\Information.csproj", "{B288139D-3A2C-4027-8A63-A3065A82C87D}"
EndProject
Global
	GlobalSection(SolutionConfigurationPlatforms) = preSolution
		Debug|Any CPU = Debug|Any CPU
		Release|Any CPU = Release|Any CPU
	EndGlobalSection
	GlobalSection(ProjectConfigurationPlatforms) = postSolution
		{58782186-E75C-40A0-992D-C8A6C6EBEB91}.Debug|Any CPU.ActiveCfg = Debug|Any CPU
		{58782186-E75C-40A0-992D-C8A6C6EBEB91}.Debug|Any CPU.Build.0 = Debug|Any CPU
		{58782186-E75C-40A0-992D-C8A6C6EBEB91}.Release|Any CPU.ActiveCfg = Release|Any CPU
		{58782186-E75C-40A0-992D-C8A6C6EBEB91}.Release|Any CPU.Build.0 = Release|Any CPU
		{2E421BED-EC7E-4D04-A5A7-4D1D4477EBBF}.Debug|Any CPU.ActiveCfg = Debug|Any CPU
		{2E421BED-EC7E-4D04-A5A7-4D1D4477EBBF}.Debug|Any CPU.Build.0 = Debug|Any CPU
		{2E421BED-EC7E-4D04-A5A7-4D1D4477EBBF}.Release|Any CPU.ActiveCfg = Release|Any CPU
		{2E421BED-EC7E-4D04-A5A7-4D1D4477EBBF}.Release|Any CPU.Build.0 = Release|Any CPU
		{62DD4FD5-F60C-4946-AC23-F07EB09E80A3}.Debug|Any CPU.ActiveCfg = Debug|Any CPU
		{62DD4FD5-F60C-4946-AC23-F07EB09E80A3}.Debug|Any CPU.Build.0 = Debug|Any CPU
		{62DD4FD5-F60C-4946-AC23-F07EB09E80A3}.Release|Any CPU.ActiveCfg = Release|Any CPU
		{62DD4FD5-F60C-4946-AC23-F07EB09E80A3}.Release|Any CPU.Build.0 = Release|Any CPU
		{B288139D-3A2C-4027-8A63-A3065A82C87D}.Debug|Any CPU.ActiveCfg = Debug|Any CPU
		{B288139D-3A2C-4027-8A63-A3065A82C87D}.Debug|Any CPU.Build.0 = Debug|Any CPU
		{B288139D-3A2C-4027-8A63-A3065A82C87D}.Release|Any CPU.ActiveCfg = Release|Any CPU
		{B288139D-3A2C-4027-8A63-A3065A82C87D}.Release|Any CPU.Build.0 = Release|Any CPU
	EndGlobalSection
	GlobalSection(SolutionProperties) = preSolution
		HideSolutionNode = FALSE
	EndGlobalSection
	GlobalSection(ExtensibilityGlobals) = postSolution
		SolutionGuid = {44CD0551-106D-4889-B78B-C82E664AA337}
	EndGlobalSection
EndGlobal
