
Microsoft Visual Studio Solution File, Format Version 12.00
# Visual Studio Version 16
VisualStudioVersion = 16.0.30907.101
MinimumVisualStudioVersion = 10.0.40219.1
Project("{FAE04EC0-301F-11D3-BF4B-00C04F79EFBC}") = "ZombiesLib", "ZombiesLib.csproj", "{2E421BED-EC7E-4D04-A5A7-4D1D4477EBBF}"
EndProject
Global
	GlobalSection(SolutionConfigurationPlatforms) = preSolution
		Debug|Any CPU = Debug|Any CPU
		Release|Any CPU = Release|Any CPU
	EndGlobalSection
	GlobalSection(ProjectConfigurationPlatforms) = postSolution
		{2E421BED-EC7E-4D04-A5A7-4D1D4477EBBF}.Debug|Any CPU.ActiveCfg = Debug|Any CPU
		{2E421BED-EC7E-4D04-A5A7-4D1D4477EBBF}.Debug|Any CPU.Build.0 = Debug|Any CPU
		{2E421BED-EC7E-4D04-A5A7-4D1D4477EBBF}.Release|Any CPU.ActiveCfg = Release|Any CPU
		{2E421BED-EC7E-4D04-A5A7-4D1D4477EBBF}.Release|Any CPU.Build.0 = Release|Any CPU
	EndGlobalSection
	GlobalSection(SolutionProperties) = preSolution
		HideSolutionNode = FALSE
	EndGlobalSection
	GlobalSection(ExtensibilityGlobals) = postSolution
		SolutionGuid = {3282F6D7-1CF2-47C8-BAE8-027DE347A893}
	EndGlobalSection
EndGlobal
